{
  "version": "4",
  "specifiers": {
    "npm:drizzle-orm@0.45.2": "0.45.2_postgres@3.4.7",
    "npm:postgres@3.4.7": "3.4.7",
    "npm:zod@3.25.76": "3.25.76"
  },
  "npm": {
    "drizzle-orm@0.45.2_postgres@3.4.7": {
      "integrity": "sha512-kY0BSaTNYWnoDMVoyY8uxmyHjpJW1geOmBMdSSicKo9CIIWkSxMIj2rkeSR51b8KAPB7m+qysjuHme5nKP+E5Q==",
      "dependencies": [
        "postgres"
      ]
    },
    "postgres@3.4.7": {
      "integrity": "sha512-Jtc2612XINuBjIl/QTWsV5UvE8UHuNblcO3vVADSrKsrc6RqGX6lOW1cEo3CM2v0XG4Nat8nI+YM7/f26VxXLw=="
    },
    "zod@3.25.76": {
      "integrity": "sha512-gzUt/qt81nXsFGKIFcC3YnfEAx5NkunCfnDlvuBSSFS02bcXu4Lmea0AFIUwbLWxWPx3d9p8S5QoaujKcNQxcQ=="
    }
  },
  "workspace": {
    "dependencies": [
      "npm:drizzle-orm@0.45.2",
      "npm:postgres@3.4.7",
      "npm:zod@3.25.76"
    ]
  }
}
